
Microsoft Visual Studio Solution File, Format Version 12.00
# Visual Studio Version 17
VisualStudioVersion = 17.10.34928.147
MinimumVisualStudioVersion = 10.0.40219.1
Project("{FAE04EC0-301F-11D3-BF4B-00C04F79EFBC}") = "Gambling But WPF", "Gambling But WPF\Gambling But WPF.csproj", "{8C07075A-F17E-4D7D-9375-B52D3CFB5937}"
EndProject
Global
	GlobalSection(SolutionConfigurationPlatforms) = preSolution
		Debug|Any CPU = Debug|Any CPU
		Release|Any CPU = Release|Any CPU
	EndGlobalSection
	GlobalSection(ProjectConfigurationPlatforms) = postSolution
		{8C07075A-F17E-4D7D-9375-B52D3CFB5937}.Debug|Any CPU.ActiveCfg = Debug|Any CPU
		{8C07075A-F17E-4D7D-9375-B52D3CFB5937}.Debug|Any CPU.Build.0 = Debug|Any CPU
		{8C07075A-F17E-4D7D-9375-B52D3CFB5937}.Release|Any CPU.ActiveCfg = Release|Any CPU
		{8C07075A-F17E-4D7D-9375-B52D3CFB5937}.Release|Any CPU.Build.0 = Release|Any CPU
	EndGlobalSection
	GlobalSection(SolutionProperties) = preSolution
		HideSolutionNode = FALSE
	EndGlobalSection
	GlobalSection(ExtensibilityGlobals) = postSolution
		SolutionGuid = {0CEACB63-7190-4228-9F88-BD2EC6687408}
	EndGlobalSection
EndGlobal
